// !$*UTF8*$!
{
	archiveVersion = 1;
	classes = {
	};
	objectVersion = 46;
	objects = {

/* Begin PBXBuildFile section */
		8A07280018CDD2C50041E91D /* Cocoa.framework in Frameworks */ = {isa = PBXBuildFile; fileRef = 8A0727FF18CDD2C50041E91D /* Cocoa.framework */; };
		8A0728D718CDD4D10041E91D /* libwx_baseu-3.0.a in Frameworks */ = {isa = PBXBuildFile; fileRef = 8A0728AD18CDD4A60041E91D /* libwx_baseu-3.0.a */; };
		8A0728D818CDD4D10041E91D /* libwx_baseu_net-3.0.a in Frameworks */ = {isa = PBXBuildFile; fileRef = 8A0728AE18CDD4A60041E91D /* libwx_baseu_net-3.0.a */; };
		8A0728D918CDD4D10041E91D /* libwx_baseu_xml-3.0.a in Frameworks */ = {isa = PBXBuildFile; fileRef = 8A0728AF18CDD4A60041E91D /* libwx_baseu_xml-3.0.a */; };
		8A0728DA18CDD4D10041E91D /* libwx_osx_cocoau_adv-3.0.a in Frameworks */ = {isa = PBXBuildFile; fileRef = 8A0728B018CDD4A60041E91D /* libwx_osx_cocoau_adv-3.0.a */; };
		8A0728DB18CDD4D10041E91D /* libwx_osx_cocoau_aui-3.0.a in Frameworks */ = {isa = PBXBuildFile; fileRef = 8A0728B118CDD4A60041E91D /* libwx_osx_cocoau_aui-3.0.a */; };
		8A0728DC18CDD4D10041E91D /* libwx_osx_cocoau_core-3.0.a in Frameworks */ = {isa = PBXBuildFile; fileRef = 8A0728B218CDD4A60041E91D /* libwx_osx_cocoau_core-3.0.a */; };
		8A0728DD18CDD4D10041E91D /* libwx_osx_cocoau_gl-3.0.a in Frameworks */ = {isa = PBXBuildFile; fileRef = 8A0728B318CDD4A60041E91D /* libwx_osx_cocoau_gl-3.0.a */; };
		8A0728DE18CDD4D10041E91D /* libwx_osx_cocoau_html-3.0.a in Frameworks */ = {isa = PBXBuildFile; fileRef = 8A0728B418CDD4A60041E91D /* libwx_osx_cocoau_html-3.0.a */; };
		8A0728DF18CDD4D10041E91D /* libwx_osx_cocoau_media-3.0.a in Frameworks */ = {isa = PBXBuildFile; fileRef = 8A0728B518CDD4A60041E91D /* libwx_osx_cocoau_media-3.0.a */; };
		8A0728E018CDD4D10041E91D /* libwx_osx_cocoau_propgrid-3.0.a in Frameworks */ = {isa = PBXBuildFile; fileRef = 8A0728B618CDD4A60041E91D /* libwx_osx_cocoau_propgrid-3.0.a */; };
		8A0728E118CDD4D10041E91D /* libwx_osx_cocoau_qa-3.0.a in Frameworks */ = {isa = PBXBuildFile; fileRef = 8A0728B718CDD4A60041E91D /* libwx_osx_cocoau_qa-3.0.a */; };
		8A0728E218CDD4D10041E91D /* libwx_osx_cocoau_ribbon-3.0.a in Frameworks */ = {isa = PBXBuildFile; fileRef = 8A0728B818CDD4A60041E91D /* libwx_osx_cocoau_ribbon-3.0.a */; };
		8A0728E318CDD4D10041E91D /* libwx_osx_cocoau_richtext-3.0.a in Frameworks */ = {isa = PBXBuildFile; fileRef = 8A0728B918CDD4A60041E91D /* libwx_osx_cocoau_richtext-3.0.a */; };
		8A0728E418CDD4D10041E91D /* libwx_osx_cocoau_stc-3.0.a in Frameworks */ = {isa = PBXBuildFile; fileRef = 8A0728BA18CDD4A60041E91D /* libwx_osx_cocoau_stc-3.0.a */; };
		8A0728E518CDD4D10041E91D /* libwx_osx_cocoau_webview-3.0.a in Frameworks */ = {isa = PBXBuildFile; fileRef = 8A0728BB18CDD4A60041E91D /* libwx_osx_cocoau_webview-3.0.a */; };
		8A0728E618CDD4D10041E91D /* libwx_osx_cocoau_xrc-3.0.a in Frameworks */ = {isa = PBXBuildFile; fileRef = 8A0728BC18CDD4A60041E91D /* libwx_osx_cocoau_xrc-3.0.a */; };
		8A0728E718CDD4D10041E91D /* libwxjpeg-3.0.a in Frameworks */ = {isa = PBXBuildFile; fileRef = 8A0728BD18CDD4A60041E91D /* libwxjpeg-3.0.a */; };
		8A0728E818CDD4D10041E91D /* libwxpng-3.0.a in Frameworks */ = {isa = PBXBuildFile; fileRef = 8A0728BE18CDD4A60041E91D /* libwxpng-3.0.a */; };
		8A0728E918CDD4D10041E91D /* libwxregexu-3.0.a in Frameworks */ = {isa = PBXBuildFile; fileRef = 8A0728BF18CDD4A60041E91D /* libwxregexu-3.0.a */; };
		8A0728EA18CDD4D10041E91D /* libwxscintilla-3.0.a in Frameworks */ = {isa = PBXBuildFile; fileRef = 8A0728C018CDD4A60041E91D /* libwxscintilla-3.0.a */; };
		8A0728EB18CDD4D10041E91D /* libwxtiff-3.0.a in Frameworks */ = {isa = PBXBuildFile; fileRef = 8A0728C118CDD4A60041E91D /* libwxtiff-3.0.a */; };
		8A0728ED18CDD5260041E91D /* Carbon.framework in Frameworks */ = {isa = PBXBuildFile; fileRef = 8A0728EC18CDD5260041E91D /* Carbon.framework */; };
		8A0728EF18CDD52C0041E91D /* OpenGL.framework in Frameworks */ = {isa = PBXBuildFile; fileRef = 8A0728EE18CDD52C0041E91D /* OpenGL.framework */; };
		8A0728F118CDD56F0041E91D /* IOKit.framework in Frameworks */ = {isa = PBXBuildFile; fileRef = 8A0728F018CDD56F0041E91D /* IOKit.framework */; };
		8A0728F318CDD5840041E91D /* libz.dylib in Frameworks */ = {isa = PBXBuildFile; fileRef = 8A0728F218CDD5840041E91D /* libz.dylib */; };
		8A0728F518CDD5900041E91D /* libiconv.dylib in Frameworks */ = {isa = PBXBuildFile; fileRef = 8A0728F418CDD5900041E91D /* libiconv.dylib */; };
		8A07290218CDFEE90041E91D /* xBRZTune.cpp in Sources */ = {isa = PBXBuildFile; fileRef = 8A07290118CDFEE90041E91D /* xBRZTune.cpp */; };
		8A07290618CDFFD20041E91D /* xbrz.cpp in Sources */ = {isa = PBXBuildFile; fileRef = 8A07290418CDFFD20041E91D /* xbrz.cpp */; };
/* End PBXBuildFile section */

/* Begin PBXFileReference section */
		8A0727FC18CDD2C50041E91D /* xBRZTune.app */ = {isa = PBXFileReference; explicitFileType = wrapper.application; includeInIndex = 0; path = xBRZTune.app; sourceTree = BUILT_PRODUCTS_DIR; };
		8A0727FF18CDD2C50041E91D /* Cocoa.framework */ = {isa = PBXFileReference; lastKnownFileType = wrapper.framework; name = Cocoa.framework; path = System/Library/Frameworks/Cocoa.framework; sourceTree = SDKROOT; };
		8A07287118CDD36E0041E91D /* xBRZTune-Info.plist */ = {isa = PBXFileReference; fileEncoding = 4; lastKnownFileType = text.plist.xml; path = "xBRZTune-Info.plist"; sourceTree = "<group>"; };
		8A0728AD18CDD4A60041E91D /* libwx_baseu-3.0.a */ = {isa = PBXFileReference; lastKnownFileType = archive.ar; name = "libwx_baseu-3.0.a"; path = "../../Storage/Work/wxWidgets/_build/lib/libwx_baseu-3.0.a"; sourceTree = "<group>"; };
		8A0728AE18CDD4A60041E91D /* libwx_baseu_net-3.0.a */ = {isa = PBXFileReference; lastKnownFileType = archive.ar; name = "libwx_baseu_net-3.0.a"; path = "../../Storage/Work/wxWidgets/_build/lib/libwx_baseu_net-3.0.a"; sourceTree = "<group>"; };
		8A0728AF18CDD4A60041E91D /* libwx_baseu_xml-3.0.a */ = {isa = PBXFileReference; lastKnownFileType = archive.ar; name = "libwx_baseu_xml-3.0.a"; path = "../../Storage/Work/wxWidgets/_build/lib/libwx_baseu_xml-3.0.a"; sourceTree = "<group>"; };
		8A0728B018CDD4A60041E91D /* libwx_osx_cocoau_adv-3.0.a */ = {isa = PBXFileReference; lastKnownFileType = archive.ar; name = "libwx_osx_cocoau_adv-3.0.a"; path = "../../Storage/Work/wxWidgets/_build/lib/libwx_osx_cocoau_adv-3.0.a"; sourceTree = "<group>"; };
		8A0728B118CDD4A60041E91D /* libwx_osx_cocoau_aui-3.0.a */ = {isa = PBXFileReference; lastKnownFileType = archive.ar; name = "libwx_osx_cocoau_aui-3.0.a"; path = "../../Storage/Work/wxWidgets/_build/lib/libwx_osx_cocoau_aui-3.0.a"; sourceTree = "<group>"; };
		8A0728B218CDD4A60041E91D /* libwx_osx_cocoau_core-3.0.a */ = {isa = PBXFileReference; lastKnownFileType = archive.ar; name = "libwx_osx_cocoau_core-3.0.a"; path = "../../Storage/Work/wxWidgets/_build/lib/libwx_osx_cocoau_core-3.0.a"; sourceTree = "<group>"; };
		8A0728B318CDD4A60041E91D /* libwx_osx_cocoau_gl-3.0.a */ = {isa = PBXFileReference; lastKnownFileType = archive.ar; name = "libwx_osx_cocoau_gl-3.0.a"; path = "../../Storage/Work/wxWidgets/_build/lib/libwx_osx_cocoau_gl-3.0.a"; sourceTree = "<group>"; };
		8A0728B418CDD4A60041E91D /* libwx_osx_cocoau_html-3.0.a */ = {isa = PBXFileReference; lastKnownFileType = archive.ar; name = "libwx_osx_cocoau_html-3.0.a"; path = "../../Storage/Work/wxWidgets/_build/lib/libwx_osx_cocoau_html-3.0.a"; sourceTree = "<group>"; };
		8A0728B518CDD4A60041E91D /* libwx_osx_cocoau_media-3.0.a */ = {isa = PBXFileReference; lastKnownFileType = archive.ar; name = "libwx_osx_cocoau_media-3.0.a"; path = "../../Storage/Work/wxWidgets/_build/lib/libwx_osx_cocoau_media-3.0.a"; sourceTree = "<group>"; };
		8A0728B618CDD4A60041E91D /* libwx_osx_cocoau_propgrid-3.0.a */ = {isa = PBXFileReference; lastKnownFileType = archive.ar; name = "libwx_osx_cocoau_propgrid-3.0.a"; path = "../../Storage/Work/wxWidgets/_build/lib/libwx_osx_cocoau_propgrid-3.0.a"; sourceTree = "<group>"; };
		8A0728B718CDD4A60041E91D /* libwx_osx_cocoau_qa-3.0.a */ = {isa = PBXFileReference; lastKnownFileType = archive.ar; name = "libwx_osx_cocoau_qa-3.0.a"; path = "../../Storage/Work/wxWidgets/_build/lib/libwx_osx_cocoau_qa-3.0.a"; sourceTree = "<group>"; };
		8A0728B818CDD4A60041E91D /* libwx_osx_cocoau_ribbon-3.0.a */ = {isa = PBXFileReference; lastKnownFileType = archive.ar; name = "libwx_osx_cocoau_ribbon-3.0.a"; path = "../../Storage/Work/wxWidgets/_build/lib/libwx_osx_cocoau_ribbon-3.0.a"; sourceTree = "<group>"; };
		8A0728B918CDD4A60041E91D /* libwx_osx_cocoau_richtext-3.0.a */ = {isa = PBXFileReference; lastKnownFileType = archive.ar; name = "libwx_osx_cocoau_richtext-3.0.a"; path = "../../Storage/Work/wxWidgets/_build/lib/libwx_osx_cocoau_richtext-3.0.a"; sourceTree = "<group>"; };
		8A0728BA18CDD4A60041E91D /* libwx_osx_cocoau_stc-3.0.a */ = {isa = PBXFileReference; lastKnownFileType = archive.ar; name = "libwx_osx_cocoau_stc-3.0.a"; path = "../../Storage/Work/wxWidgets/_build/lib/libwx_osx_cocoau_stc-3.0.a"; sourceTree = "<group>"; };
		8A0728BB18CDD4A60041E91D /* libwx_osx_cocoau_webview-3.0.a */ = {isa = PBXFileReference; lastKnownFileType = archive.ar; name = "libwx_osx_cocoau_webview-3.0.a"; path = "../../Storage/Work/wxWidgets/_build/lib/libwx_osx_cocoau_webview-3.0.a"; sourceTree = "<group>"; };
		8A0728BC18CDD4A60041E91D /* libwx_osx_cocoau_xrc-3.0.a */ = {isa = PBXFileReference; lastKnownFileType = archive.ar; name = "libwx_osx_cocoau_xrc-3.0.a"; path = "../../Storage/Work/wxWidgets/_build/lib/libwx_osx_cocoau_xrc-3.0.a"; sourceTree = "<group>"; };
		8A0728BD18CDD4A60041E91D /* libwxjpeg-3.0.a */ = {isa = PBXFileReference; lastKnownFileType = archive.ar; name = "libwxjpeg-3.0.a"; path = "../../Storage/Work/wxWidgets/_build/lib/libwxjpeg-3.0.a"; sourceTree = "<group>"; };
		8A0728BE18CDD4A60041E91D /* libwxpng-3.0.a */ = {isa = PBXFileReference; lastKnownFileType = archive.ar; name = "libwxpng-3.0.a"; path = "../../Storage/Work/wxWidgets/_build/lib/libwxpng-3.0.a"; sourceTree = "<group>"; };
		8A0728BF18CDD4A60041E91D /* libwxregexu-3.0.a */ = {isa = PBXFileReference; lastKnownFileType = archive.ar; name = "libwxregexu-3.0.a"; path = "../../Storage/Work/wxWidgets/_build/lib/libwxregexu-3.0.a"; sourceTree = "<group>"; };
		8A0728C018CDD4A60041E91D /* libwxscintilla-3.0.a */ = {isa = PBXFileReference; lastKnownFileType = archive.ar; name = "libwxscintilla-3.0.a"; path = "../../Storage/Work/wxWidgets/_build/lib/libwxscintilla-3.0.a"; sourceTree = "<group>"; };
		8A0728C118CDD4A60041E91D /* libwxtiff-3.0.a */ = {isa = PBXFileReference; lastKnownFileType = archive.ar; name = "libwxtiff-3.0.a"; path = "../../Storage/Work/wxWidgets/_build/lib/libwxtiff-3.0.a"; sourceTree = "<group>"; };
		8A0728EC18CDD5260041E91D /* Carbon.framework */ = {isa = PBXFileReference; lastKnownFileType = wrapper.framework; name = Carbon.framework; path = System/Library/Frameworks/Carbon.framework; sourceTree = SDKROOT; };
		8A0728EE18CDD52C0041E91D /* OpenGL.framework */ = {isa = PBXFileReference; lastKnownFileType = wrapper.framework; name = OpenGL.framework; path = System/Library/Frameworks/OpenGL.framework; sourceTree = SDKROOT; };
		8A0728F018CDD56F0041E91D /* IOKit.framework */ = {isa = PBXFileReference; lastKnownFileType = wrapper.framework; name = IOKit.framework; path = System/Library/Frameworks/IOKit.framework; sourceTree = SDKROOT; };
		8A0728F218CDD5840041E91D /* libz.dylib */ = {isa = PBXFileReference; lastKnownFileType = "compiled.mach-o.dylib"; name = libz.dylib; path = usr/lib/libz.dylib; sourceTree = SDKROOT; };
		8A0728F418CDD5900041E91D /* libiconv.dylib */ = {isa = PBXFileReference; lastKnownFileType = "compiled.mach-o.dylib"; name = libiconv.dylib; path = usr/lib/libiconv.dylib; sourceTree = SDKROOT; };
		8A07290118CDFEE90041E91D /* xBRZTune.cpp */ = {isa = PBXFileReference; fileEncoding = 4; lastKnownFileType = sourcecode.cpp.cpp; path = xBRZTune.cpp; sourceTree = "<group>"; };
		8A07290318CDFFD20041E91D /* config.h */ = {isa = PBXFileReference; fileEncoding = 4; lastKnownFileType = sourcecode.c.h; path = config.h; sourceTree = "<group>"; };
		8A07290418CDFFD20041E91D /* xbrz.cpp */ = {isa = PBXFileReference; fileEncoding = 4; lastKnownFileType = sourcecode.cpp.cpp; path = xbrz.cpp; sourceTree = "<group>"; };
		8A07290518CDFFD20041E91D /* xbrz.h */ = {isa = PBXFileReference; fileEncoding = 4; lastKnownFileType = sourcecode.c.h; path = xbrz.h; sourceTree = "<group>"; };
/* End PBXFileReference section */

/* Begin PBXFrameworksBuildPhase section */
		8A0727F918CDD2C50041E91D /* Frameworks */ = {
			isa = PBXFrameworksBuildPhase;
			buildActionMask = 2147483647;
			files = (
				8A0728ED18CDD5260041E91D /* Carbon.framework in Frameworks */,
				8A07280018CDD2C50041E91D /* Cocoa.framework in Frameworks */,
				8A0728F118CDD56F0041E91D /* IOKit.framework in Frameworks */,
				8A0728EF18CDD52C0041E91D /* OpenGL.framework in Frameworks */,
				8A0728F518CDD5900041E91D /* libiconv.dylib in Frameworks */,
				8A0728F318CDD5840041E91D /* libz.dylib in Frameworks */,
				8A0728D718CDD4D10041E91D /* libwx_baseu-3.0.a in Frameworks */,
				8A0728D818CDD4D10041E91D /* libwx_baseu_net-3.0.a in Frameworks */,
				8A0728D918CDD4D10041E91D /* libwx_baseu_xml-3.0.a in Frameworks */,
				8A0728DA18CDD4D10041E91D /* libwx_osx_cocoau_adv-3.0.a in Frameworks */,
				8A0728DB18CDD4D10041E91D /* libwx_osx_cocoau_aui-3.0.a in Frameworks */,
				8A0728DC18CDD4D10041E91D /* libwx_osx_cocoau_core-3.0.a in Frameworks */,
				8A0728DD18CDD4D10041E91D /* libwx_osx_cocoau_gl-3.0.a in Frameworks */,
				8A0728DE18CDD4D10041E91D /* libwx_osx_cocoau_html-3.0.a in Frameworks */,
				8A0728DF18CDD4D10041E91D /* libwx_osx_cocoau_media-3.0.a in Frameworks */,
				8A0728E018CDD4D10041E91D /* libwx_osx_cocoau_propgrid-3.0.a in Frameworks */,
				8A0728E118CDD4D10041E91D /* libwx_osx_cocoau_qa-3.0.a in Frameworks */,
				8A0728E218CDD4D10041E91D /* libwx_osx_cocoau_ribbon-3.0.a in Frameworks */,
				8A0728E318CDD4D10041E91D /* libwx_osx_cocoau_richtext-3.0.a in Frameworks */,
				8A0728E418CDD4D10041E91D /* libwx_osx_cocoau_stc-3.0.a in Frameworks */,
				8A0728E518CDD4D10041E91D /* libwx_osx_cocoau_webview-3.0.a in Frameworks */,
				8A0728E618CDD4D10041E91D /* libwx_osx_cocoau_xrc-3.0.a in Frameworks */,
				8A0728E718CDD4D10041E91D /* libwxjpeg-3.0.a in Frameworks */,
				8A0728E818CDD4D10041E91D /* libwxpng-3.0.a in Frameworks */,
				8A0728E918CDD4D10041E91D /* libwxregexu-3.0.a in Frameworks */,
				8A0728EA18CDD4D10041E91D /* libwxscintilla-3.0.a in Frameworks */,
				8A0728EB18CDD4D10041E91D /* libwxtiff-3.0.a in Frameworks */,
			);
			runOnlyForDeploymentPostprocessing = 0;
		};
/* End PBXFrameworksBuildPhase section */

/* Begin PBXGroup section */
		8A0727F318CDD2C50041E91D = {
			isa = PBXGroup;
			children = (
				8A07283318CDD3610041E91D /* Sources */,
				8A0727FE18CDD2C50041E91D /* Dependencies */,
				8A0727FD18CDD2C50041E91D /* Products */,
			);
			sourceTree = "<group>";
			usesTabs = 0;
		};
		8A0727FD18CDD2C50041E91D /* Products */ = {
			isa = PBXGroup;
			children = (
				8A0727FC18CDD2C50041E91D /* xBRZTune.app */,
			);
			name = Products;
			sourceTree = "<group>";
		};
		8A0727FE18CDD2C50041E91D /* Dependencies */ = {
			isa = PBXGroup;
			children = (
				8A0728EC18CDD5260041E91D /* Carbon.framework */,
				8A0727FF18CDD2C50041E91D /* Cocoa.framework */,
				8A0728EE18CDD52C0041E91D /* OpenGL.framework */,
				8A0728F018CDD56F0041E91D /* IOKit.framework */,
				8A0728F418CDD5900041E91D /* libiconv.dylib */,
				8A0728F218CDD5840041E91D /* libz.dylib */,
				8A0728AD18CDD4A60041E91D /* libwx_baseu-3.0.a */,
				8A0728AE18CDD4A60041E91D /* libwx_baseu_net-3.0.a */,
				8A0728AF18CDD4A60041E91D /* libwx_baseu_xml-3.0.a */,
				8A0728B018CDD4A60041E91D /* libwx_osx_cocoau_adv-3.0.a */,
				8A0728B118CDD4A60041E91D /* libwx_osx_cocoau_aui-3.0.a */,
				8A0728B218CDD4A60041E91D /* libwx_osx_cocoau_core-3.0.a */,
				8A0728B318CDD4A60041E91D /* libwx_osx_cocoau_gl-3.0.a */,
				8A0728B418CDD4A60041E91D /* libwx_osx_cocoau_html-3.0.a */,
				8A0728B518CDD4A60041E91D /* libwx_osx_cocoau_media-3.0.a */,
				8A0728B618CDD4A60041E91D /* libwx_osx_cocoau_propgrid-3.0.a */,
				8A0728B718CDD4A60041E91D /* libwx_osx_cocoau_qa-3.0.a */,
				8A0728B818CDD4A60041E91D /* libwx_osx_cocoau_ribbon-3.0.a */,
				8A0728B918CDD4A60041E91D /* libwx_osx_cocoau_richtext-3.0.a */,
				8A0728BA18CDD4A60041E91D /* libwx_osx_cocoau_stc-3.0.a */,
				8A0728BB18CDD4A60041E91D /* libwx_osx_cocoau_webview-3.0.a */,
				8A0728BC18CDD4A60041E91D /* libwx_osx_cocoau_xrc-3.0.a */,
				8A0728BD18CDD4A60041E91D /* libwxjpeg-3.0.a */,
				8A0728BE18CDD4A60041E91D /* libwxpng-3.0.a */,
				8A0728BF18CDD4A60041E91D /* libwxregexu-3.0.a */,
				8A0728C018CDD4A60041E91D /* libwxscintilla-3.0.a */,
				8A0728C118CDD4A60041E91D /* libwxtiff-3.0.a */,
			);
			name = Dependencies;
			sourceTree = "<group>";
		};
		8A07283318CDD3610041E91D /* Sources */ = {
			isa = PBXGroup;
			children = (
				8A07290318CDFFD20041E91D /* config.h */,
				8A07290418CDFFD20041E91D /* xbrz.cpp */,
				8A07290518CDFFD20041E91D /* xbrz.h */,
				8A07290118CDFEE90041E91D /* xBRZTune.cpp */,
				8A07287118CDD36E0041E91D /* xBRZTune-Info.plist */,
			);
			name = Sources;
			sourceTree = "<group>";
		};
/* End PBXGroup section */

/* Begin PBXNativeTarget section */
		8A0727FB18CDD2C50041E91D /* xBRZTune */ = {
			isa = PBXNativeTarget;
			buildConfigurationList = 8A07282D18CDD2C50041E91D /* Build configuration list for PBXNativeTarget "xBRZTune" */;
			buildPhases = (
				8A0727F818CDD2C50041E91D /* Sources */,
				8A0727F918CDD2C50041E91D /* Frameworks */,
				8A0727FA18CDD2C50041E91D /* Resources */,
			);
			buildRules = (
			);
			dependencies = (
			);
			name = xBRZTune;
			productName = xBRZTune;
			productReference = 8A0727FC18CDD2C50041E91D /* xBRZTune.app */;
			productType = "com.apple.product-type.application";
		};
/* End PBXNativeTarget section */

/* Begin PBXProject section */
		8A0727F418CDD2C50041E91D /* Project object */ = {
			isa = PBXProject;
			attributes = {
				LastUpgradeCheck = 0500;
				ORGANIZATIONNAME = "Alexey Lysiuk";
			};
			buildConfigurationList = 8A0727F718CDD2C50041E91D /* Build configuration list for PBXProject "xBRZTune" */;
			compatibilityVersion = "Xcode 3.2";
			developmentRegion = English;
			hasScannedForEncodings = 0;
			knownRegions = (
				en,
				Base,
			);
			mainGroup = 8A0727F318CDD2C50041E91D;
			productRefGroup = 8A0727FD18CDD2C50041E91D /* Products */;
			projectDirPath = "";
			projectRoot = "";
			targets = (
				8A0727FB18CDD2C50041E91D /* xBRZTune */,
			);
		};
/* End PBXProject section */

/* Begin PBXResourcesBuildPhase section */
		8A0727FA18CDD2C50041E91D /* Resources */ = {
			isa = PBXResourcesBuildPhase;
			buildActionMask = 2147483647;
			files = (
			);
			runOnlyForDeploymentPostprocessing = 0;
		};
/* End PBXResourcesBuildPhase section */

/* Begin PBXSourcesBuildPhase section */
		8A0727F818CDD2C50041E91D /* Sources */ = {
			isa = PBXSourcesBuildPhase;
			buildActionMask = 2147483647;
			files = (
				8A07290618CDFFD20041E91D /* xbrz.cpp in Sources */,
				8A07290218CDFEE90041E91D /* xBRZTune.cpp in Sources */,
			);
			runOnlyForDeploymentPostprocessing = 0;
		};
/* End PBXSourcesBuildPhase section */

/* Begin XCBuildConfiguration section */
		8A07282B18CDD2C50041E91D /* Debug */ = {
			isa = XCBuildConfiguration;
			buildSettings = {
				ALWAYS_SEARCH_USER_PATHS = NO;
				ARCHS = "$(ARCHS_STANDARD_32_BIT)";
				CLANG_CXX_LANGUAGE_STANDARD = "gnu++98";
				CLANG_CXX_LIBRARY = "libstdc++";
				CLANG_ENABLE_OBJC_ARC = YES;
				CLANG_WARN_BOOL_CONVERSION = YES;
				CLANG_WARN_CONSTANT_CONVERSION = YES;
				CLANG_WARN_DIRECT_OBJC_ISA_USAGE = YES_ERROR;
				CLANG_WARN_EMPTY_BODY = YES;
				CLANG_WARN_ENUM_CONVERSION = YES;
				CLANG_WARN_INT_CONVERSION = YES;
				CLANG_WARN_OBJC_ROOT_CLASS = YES_ERROR;
				CLANG_WARN__DUPLICATE_METHOD_MATCH = YES;
				COPY_PHASE_STRIP = NO;
				GCC_C_LANGUAGE_STANDARD = gnu99;
				GCC_DYNAMIC_NO_PIC = NO;
				GCC_ENABLE_OBJC_EXCEPTIONS = YES;
				GCC_OPTIMIZATION_LEVEL = 0;
				GCC_PREPROCESSOR_DEFINITIONS = (
					"DEBUG=1",
					"$(inherited)",
				);
				GCC_SYMBOLS_PRIVATE_EXTERN = NO;
				GCC_WARN_64_TO_32_BIT_CONVERSION = YES;
				GCC_WARN_ABOUT_RETURN_TYPE = YES_ERROR;
				GCC_WARN_UNDECLARED_SELECTOR = YES;
				GCC_WARN_UNINITIALIZED_AUTOS = YES;
				GCC_WARN_UNUSED_FUNCTION = YES;
				GCC_WARN_UNUSED_VARIABLE = YES;
				MACOSX_DEPLOYMENT_TARGET = 10.6;
				ONLY_ACTIVE_ARCH = YES;
			};
			name = Debug;
		};
		8A07282C18CDD2C50041E91D /* Release */ = {
			isa = XCBuildConfiguration;
			buildSettings = {
				ALWAYS_SEARCH_USER_PATHS = NO;
				ARCHS = "$(ARCHS_STANDARD_32_BIT)";
				CLANG_CXX_LANGUAGE_STANDARD = "gnu++98";
				CLANG_CXX_LIBRARY = "libstdc++";
				CLANG_ENABLE_OBJC_ARC = YES;
				CLANG_WARN_BOOL_CONVERSION = YES;
				CLANG_WARN_CONSTANT_CONVERSION = YES;
				CLANG_WARN_DIRECT_OBJC_ISA_USAGE = YES_ERROR;
				CLANG_WARN_EMPTY_BODY = YES;
				CLANG_WARN_ENUM_CONVERSION = YES;
				CLANG_WARN_INT_CONVERSION = YES;
				CLANG_WARN_OBJC_ROOT_CLASS = YES_ERROR;
				CLANG_WARN__DUPLICATE_METHOD_MATCH = YES;
				COPY_PHASE_STRIP = YES;
				DEBUG_INFORMATION_FORMAT = "dwarf-with-dsym";
				ENABLE_NS_ASSERTIONS = NO;
				GCC_C_LANGUAGE_STANDARD = gnu99;
				GCC_ENABLE_OBJC_EXCEPTIONS = YES;
				GCC_WARN_64_TO_32_BIT_CONVERSION = YES;
				GCC_WARN_ABOUT_RETURN_TYPE = YES_ERROR;
				GCC_WARN_UNDECLARED_SELECTOR = YES;
				GCC_WARN_UNINITIALIZED_AUTOS = YES;
				GCC_WARN_UNUSED_FUNCTION = YES;
				GCC_WARN_UNUSED_VARIABLE = YES;
				MACOSX_DEPLOYMENT_TARGET = 10.6;
			};
			name = Release;
		};
		8A07282E18CDD2C50041E91D /* Debug */ = {
			isa = XCBuildConfiguration;
			buildSettings = {
				ASSETCATALOG_COMPILER_APPICON_NAME = AppIcon;
				COMBINE_HIDPI_IMAGES = YES;
				GCC_PREPROCESSOR_DEFINITIONS = (
					"$(inherited)",
					__WXMAC__,
					__WXOSX_COCOA__,
				);
				HEADER_SEARCH_PATHS = (
					"$(inherited)",
					../wxWidgets/include,
				);
				INFOPLIST_FILE = "xBRZTune-Info.plist";
				LIBRARY_SEARCH_PATHS = (
					"$(inherited)",
					../wxWidgets/lib/osx_i386,
				);
				PRODUCT_NAME = "$(TARGET_NAME)";
				WRAPPER_EXTENSION = app;
			};
			name = Debug;
		};
		8A07282F18CDD2C50041E91D /* Release */ = {
			isa = XCBuildConfiguration;
			buildSettings = {
				ASSETCATALOG_COMPILER_APPICON_NAME = AppIcon;
				COMBINE_HIDPI_IMAGES = YES;
				GCC_PREPROCESSOR_DEFINITIONS = (
					"$(inherited)",
					__WXMAC__,
					__WXOSX_COCOA__,
				);
				HEADER_SEARCH_PATHS = (
					"$(inherited)",
					../wxWidgets/include,
				);
				INFOPLIST_FILE = "xBRZTune-Info.plist";
				LIBRARY_SEARCH_PATHS = (
					"$(inherited)",
					../wxWidgets/lib/osx_i386,
				);
				PRODUCT_NAME = "$(TARGET_NAME)";
				WRAPPER_EXTENSION = app;
			};
			name = Release;
		};
/* End XCBuildConfiguration section */

/* Begin XCConfigurationList section */
		8A0727F718CDD2C50041E91D /* Build configuration list for PBXProject "xBRZTune" */ = {
			isa = XCConfigurationList;
			buildConfigurations = (
				8A07282B18CDD2C50041E91D /* Debug */,
				8A07282C18CDD2C50041E91D /* Release */,
			);
			defaultConfigurationIsVisible = 0;
			defaultConfigurationName = Release;
		};
		8A07282D18CDD2C50041E91D /* Build configuration list for PBXNativeTarget "xBRZTune" */ = {
			isa = XCConfigurationList;
			buildConfigurations = (
				8A07282E18CDD2C50041E91D /* Debug */,
				8A07282F18CDD2C50041E91D /* Release */,
			);
			defaultConfigurationIsVisible = 0;
			defaultConfigurationName = Release;
		};
/* End XCConfigurationList section */
	};
	rootObject = 8A0727F418CDD2C50041E91D /* Project object */;
}
